
Microsoft Visual Studio Solution File, Format Version 12.00
# Visual Studio Version 17
VisualStudioVersion = 17.7.34221.43
MinimumVisualStudioVersion = 10.0.40219.1
Project("{FAE04EC0-301F-11D3-BF4B-00C04F79EFBC}") = "Learning Game", "Learning Game\Learning Game.csproj", "{B28C27DE-AD1C-4B0A-8C1B-607F0D115DA0}"
EndProject
Global
	GlobalSection(SolutionConfigurationPlatforms) = preSolution
		Debug|Any CPU = Debug|Any CPU
		Release|Any CPU = Release|Any CPU
	EndGlobalSection
	GlobalSection(ProjectConfigurationPlatforms) = postSolution
		{B28C27DE-AD1C-4B0A-8C1B-607F0D115DA0}.Debug|Any CPU.ActiveCfg = Debug|Any CPU
		{B28C27DE-AD1C-4B0A-8C1B-607F0D115DA0}.Debug|Any CPU.Build.0 = Debug|Any CPU
		{B28C27DE-AD1C-4B0A-8C1B-607F0D115DA0}.Release|Any CPU.ActiveCfg = Release|Any CPU
		{B28C27DE-AD1C-4B0A-8C1B-607F0D115DA0}.Release|Any CPU.Build.0 = Release|Any CPU
	EndGlobalSection
	GlobalSection(SolutionProperties) = preSolution
		HideSolutionNode = FALSE
	EndGlobalSection
	GlobalSection(ExtensibilityGlobals) = postSolution
		SolutionGuid = {7651262D-E8E5-4690-B48D-43DF5A219D81}
	EndGlobalSection
EndGlobal
